{
  "name": "Escorte fatal",
  "version": "0.1.0",
  "lockfileVersion": 3,
  "requires": true,
  "packages": {
    "": {
      "dependencies": {
        "meilisearch": "^0.56.0"
      }
    },
    "node_modules/meilisearch": {
      "version": "0.56.0",
      "resolved": "https://registry.npmjs.org/meilisearch/-/meilisearch-0.56.0.tgz",
      "integrity": "sha512-kBXba8DcSrLWHYqopCm2JL90oBy97VdIfHkP1ii7/eHufeEEEk9Zu5Vv/IFQpNzmhEpWszVFVlGvZoI6QJeGzA==",
      "license": "MIT"
    }
  }
}
